// !$*UTF8*$!
{
	archiveVersion = 1;
	classes = {
	};
	objectVersion = 77;
	objects = {

/* Begin PBXBuildFile section */
		6FF7AEA3302E7CF700F70849 /* wave Watch App.app in Embed Watch Content */ = {isa = PBXBuildFile; fileRef = 6FF7AEA2302E7CF700F70849 /* wave Watch App.app */; settings = {ATTRIBUTES = (RemoveHeadersOnCopy, ); }; };
/* End PBXBuildFile section */

/* Begin PBXContainerItemProxy section */
		6FF7AEA4302E7CF700F70849 /* PBXContainerItemProxy */ = {
			isa = PBXContainerItemProxy;
			containerPortal = 6FF7AE96302E7CF700F70849 /* Project object */;
			proxyType = 1;
			remoteGlobalIDString = 6FF7AEA1302E7CF700F70849;
			remoteInfo = "wave Watch App";
		};
		6FF7AEB2302E7CF800F70849 /* PBXContainerItemProxy */ = {
			isa = PBXContainerItemProxy;
			containerPortal = 6FF7AE96302E7CF700F70849 /* Project object */;
			proxyType = 1;
			remoteGlobalIDString = 6FF7AEA1302E7CF700F70849;
			remoteInfo = "wave Watch App";
		};
		6FF7AEBC302E7CF800F70849 /* PBXContainerItemProxy */ = {
			isa = PBXContainerItemProxy;
			containerPortal = 6FF7AE96302E7CF700F70849 /* Project object */;
			proxyType = 1;
			remoteGlobalIDString = 6FF7AEA1302E7CF700F70849;
			remoteInfo = "wave Watch App";
		};
/* End PBXContainerItemProxy section */

/* Begin PBXCopyFilesBuildPhase section */
		6FF7AEC8302E7CF800F70849 /* Embed Watch Content */ = {
			isa = PBXCopyFilesBuildPhase;
			buildActionMask = 2147483647;
			dstPath = "$(CONTENTS_FOLDER_PATH)/Watch";
			dstSubfolderSpec = 16;
			files = (
				6FF7AEA3302E7CF700F70849 /* wave Watch App.app in Embed Watch Content */,
			);
			name = "Embed Watch Content";
			runOnlyForDeploymentPostprocessing = 0;
		};
/* End PBXCopyFilesBuildPhase section */

/* Begin PBXFileReference section */
		6FF7AE9C302E7CF700F70849 /* wave.app */ = {isa = PBXFileReference; explicitFileType = wrapper.application; includeInIndex = 0; path = wave.app; sourceTree = BUILT_PRODUCTS_DIR; };
		6FF7AEA2302E7CF700F70849 /* wave Watch App.app */ = {isa = PBXFileReference; explicitFileType = wrapper.application; includeInIndex = 0; path = "wave Watch App.app"; sourceTree = BUILT_PRODUCTS_DIR; };
		6FF7AEB1302E7CF800F70849 /* wave Watch AppTests.xctest */ = {isa = PBXFileReference; explicitFileType = wrapper.cfbundle; includeInIndex = 0; path = "wave Watch AppTests.xctest"; sourceTree = BUILT_PRODUCTS_DIR; };
		6FF7AEBB302E7CF800F70849 /* wave Watch AppUITests.xctest */ = {isa = PBXFileReference; explicitFileType = wrapper.cfbundle; includeInIndex = 0; path = "wave Watch AppUITests.xctest"; sourceTree = BUILT_PRODUCTS_DIR; };
/* End PBXFileReference section */

/* Begin PBXFileSystemSynchronizedRootGroup section */
		6FF7AEA6302E7CF700F70849 /* wave Watch App */ = {
			isa = PBXFileSystemSynchronizedRootGroup;
			path = "wave Watch App";
			sourceTree = "<group>";
		};
		6FF7AEB4302E7CF800F70849 /* wave Watch AppTests */ = {
			isa = PBXFileSystemSynchronizedRootGroup;
			path = "wave Watch AppTests";
			sourceTree = "<group>";
		};
		6FF7AEBE302E7CF800F70849 /* wave Watch AppUITests */ = {
			isa = PBXFileSystemSynchronizedRootGroup;
			path = "wave Watch AppUITests";
			sourceTree = "<group>";
		};
/* End PBXFileSystemSynchronizedRootGroup section */

/* Begin PBXFrameworksBuildPhase section */
		6FF7AE9F302E7CF700F70849 /* Frameworks */ = {
			isa = PBXFrameworksBuildPhase;
			buildActionMask = 2147483647;
			files = (
			);
			runOnlyForDeploymentPostprocessing = 0;
		};
		6FF7AEAE302E7CF800F70849 /* Frameworks */ = {
			isa = PBXFrameworksBuildPhase;
			buildActionMask = 2147483647;
			files = (
			);
			runOnlyForDeploymentPostprocessing = 0;
		};
		6FF7AEB8302E7CF800F70849 /* Frameworks */ = {
			isa = PBXFrameworksBuildPhase;
			buildActionMask = 2147483647;
			files = (
			);
			runOnlyForDeploymentPostprocessing = 0;
		};
/* End PBXFrameworksBuildPhase section */

/* Begin PBXGroup section */
		6FF7AE95302E7CF700F70849 = {
			isa = PBXGroup;
			children = (
				6FF7AEA6302E7CF700F70849 /* wave Watch App */,
				6FF7AEB4302E7CF800F70849 /* wave Watch AppTests */,
				6FF7AEBE302E7CF800F70849 /* wave Watch AppUITests */,
				6FF7AE9D302E7CF700F70849 /* Products */,
			);
			sourceTree = "<group>";
		};
		6FF7AE9D302E7CF700F70849 /* Products */ = {
			isa = PBXGroup;
			children = (
				6FF7AE9C302E7CF700F70849 /* wave.app */,
				6FF7AEA2302E7CF700F70849 /* wave Watch App.app */,
				6FF7AEB1302E7CF800F70849 /* wave Watch AppTests.xctest */,
				6FF7AEBB302E7CF800F70849 /* wave Watch AppUITests.xctest */,
			);
			name = Products;
			sourceTree = "<group>";
		};
/* End PBXGroup section */

/* Begin PBXNativeTarget section */
		6FF7AE9B302E7CF700F70849 /* wave */ = {
			isa = PBXNativeTarget;
			buildConfigurationList = 6FF7AEC9302E7CF800F70849 /* Build configuration list for PBXNativeTarget "wave" */;
			buildPhases = (
				6FF7AE9A302E7CF700F70849 /* Resources */,
				6FF7AEC8302E7CF800F70849 /* Embed Watch Content */,
			);
			buildRules = (
			);
			dependencies = (
				6FF7AEA5302E7CF700F70849 /* PBXTargetDependency */,
			);
			name = wave;
			packageProductDependencies = (
			);
			productName = wave;
			productReference = 6FF7AE9C302E7CF700F70849 /* wave.app */;
			productType = "com.apple.product-type.application.watchapp2-container";
		};
		6FF7AEA1302E7CF700F70849 /* wave Watch App */ = {
			isa = PBXNativeTarget;
			buildConfigurationList = 6FF7AEC5302E7CF800F70849 /* Build configuration list for PBXNativeTarget "wave Watch App" */;
			buildPhases = (
				6FF7AE9E302E7CF700F70849 /* Sources */,
				6FF7AE9F302E7CF700F70849 /* Frameworks */,
				6FF7AEA0302E7CF700F70849 /* Resources */,
			);
			buildRules = (
			);
			dependencies = (
			);
			fileSystemSynchronizedGroups = (
				6FF7AEA6302E7CF700F70849 /* wave Watch App */,
			);
			name = "wave Watch App";
			packageProductDependencies = (
			);
			productName = "wave Watch App";
			productReference = 6FF7AEA2302E7CF700F70849 /* wave Watch App.app */;
			productType = "com.apple.product-type.application";
		};
		6FF7AEB0302E7CF800F70849 /* wave Watch AppTests */ = {
			isa = PBXNativeTarget;
			buildConfigurationList = 6FF7AECC302E7CF800F70849 /* Build configuration list for PBXNativeTarget "wave Watch AppTests" */;
			buildPhases = (
				6FF7AEAD302E7CF800F70849 /* Sources */,
				6FF7AEAE302E7CF800F70849 /* Frameworks */,
				6FF7AEAF302E7CF800F70849 /* Resources */,
			);
			buildRules = (
			);
			dependencies = (
				6FF7AEB3302E7CF800F70849 /* PBXTargetDependency */,
			);
			fileSystemSynchronizedGroups = (
				6FF7AEB4302E7CF800F70849 /* wave Watch AppTests */,
			);
			name = "wave Watch AppTests";
			packageProductDependencies = (
			);
			productName = "wave Watch AppTests";
			productReference = 6FF7AEB1302E7CF800F70849 /* wave Watch AppTests.xctest */;
			productType = "com.apple.product-type.bundle.unit-test";
		};
		6FF7AEBA302E7CF800F70849 /* wave Watch AppUITests */ = {
			isa = PBXNativeTarget;
			buildConfigurationList = 6FF7AECF302E7CF800F70849 /* Build configuration list for PBXNativeTarget "wave Watch AppUITests" */;
			buildPhases = (
				6FF7AEB7302E7CF800F70849 /* Sources */,
				6FF7AEB8302E7CF800F70849 /* Frameworks */,
				6FF7AEB9302E7CF800F70849 /* Resources */,
			);
			buildRules = (
			);
			dependencies = (
				6FF7AEBD302E7CF800F70849 /* PBXTargetDependency */,
			);
			fileSystemSynchronizedGroups = (
				6FF7AEBE302E7CF800F70849 /* wave Watch AppUITests */,
			);
			name = "wave Watch AppUITests";
			packageProductDependencies = (
			);
			productName = "wave Watch AppUITests";
			productReference = 6FF7AEBB302E7CF800F70849 /* wave Watch AppUITests.xctest */;
			productType = "com.apple.product-type.bundle.ui-testing";
		};
/* End PBXNativeTarget section */

/* Begin PBXProject section */
		6FF7AE96302E7CF700F70849 /* Project object */ = {
			isa = PBXProject;
			attributes = {
				BuildIndependentTargetsInParallel = 1;
				LastSwiftUpdateCheck = 2650;
				LastUpgradeCheck = 2650;
				TargetAttributes = {
					6FF7AE9B302E7CF700F70849 = {
						CreatedOnToolsVersion = 26.5;
					};
					6FF7AEA1302E7CF700F70849 = {
						CreatedOnToolsVersion = 26.5;
					};
					6FF7AEB0302E7CF800F70849 = {
						CreatedOnToolsVersion = 26.5;
						TestTargetID = 6FF7AEA1302E7CF700F70849;
					};
					6FF7AEBA302E7CF800F70849 = {
						CreatedOnToolsVersion = 26.5;
						TestTargetID = 6FF7AEA1302E7CF700F70849;
					};
				};
			};
			buildConfigurationList = 6FF7AE99302E7CF700F70849 /* Build configuration list for PBXProject "wave" */;
			developmentRegion = en;
			hasScannedForEncodings = 0;
			knownRegions = (
				en,
				Base,
			);
			mainGroup = 6FF7AE95302E7CF700F70849;
			minimizedProjectReferenceProxies = 1;
			preferredProjectObjectVersion = 77;
			productRefGroup = 6FF7AE9D302E7CF700F70849 /* Products */;
			projectDirPath = "";
			projectRoot = "";
			targets = (
				6FF7AE9B302E7CF700F70849 /* wave */,
				6FF7AEA1302E7CF700F70849 /* wave Watch App */,
				6FF7AEB0302E7CF800F70849 /* wave Watch AppTests */,
				6FF7AEBA302E7CF800F70849 /* wave Watch AppUITests */,
			);
		};
/* End PBXProject section */

/* Begin PBXResourcesBuildPhase section */
		6FF7AE9A302E7CF700F70849 /* Resources */ = {
			isa = PBXResourcesBuildPhase;
			buildActionMask = 2147483647;
			files = (
			);
			runOnlyForDeploymentPostprocessing = 0;
		};
		6FF7AEA0302E7CF700F70849 /* Resources */ = {
			isa = PBXResourcesBuildPhase;
			buildActionMask = 2147483647;
			files = (
			);
			runOnlyForDeploymentPostprocessing = 0;
		};
		6FF7AEAF302E7CF800F70849 /* Resources */ = {
			isa = PBXResourcesBuildPhase;
			buildActionMask = 2147483647;
			files = (
			);
			runOnlyForDeploymentPostprocessing = 0;
		};
		6FF7AEB9302E7CF800F70849 /* Resources */ = {
			isa = PBXResourcesBuildPhase;
			buildActionMask = 2147483647;
			files = (
			);
			runOnlyForDeploymentPostprocessing = 0;
		};
/* End PBXResourcesBuildPhase section */

/* Begin PBXSourcesBuildPhase section */
		6FF7AE9E302E7CF700F70849 /* Sources */ = {
			isa = PBXSourcesBuildPhase;
			buildActionMask = 2147483647;
			files = (
			);
			runOnlyForDeploymentPostprocessing = 0;
		};
		6FF7AEAD302E7CF800F70849 /* Sources */ = {
			isa = PBXSourcesBuildPhase;
			buildActionMask = 2147483647;
			files = (
			);
			runOnlyForDeploymentPostprocessing = 0;
		};
		6FF7AEB7302E7CF800F70849 /* Sources */ = {
			isa = PBXSourcesBuildPhase;
			buildActionMask = 2147483647;
			files = (
			);
			runOnlyForDeploymentPostprocessing = 0;
		};
/* End PBXSourcesBuildPhase section */

/* Begin PBXTargetDependency section */
		6FF7AEA5302E7CF700F70849 /* PBXTargetDependency */ = {
			isa = PBXTargetDependency;
			target = 6FF7AEA1302E7CF700F70849 /* wave Watch App */;
			targetProxy = 6FF7AEA4302E7CF700F70849 /* PBXContainerItemProxy */;
		};
		6FF7AEB3302E7CF800F70849 /* PBXTargetDependency */ = {
			isa = PBXTargetDependency;
			target = 6FF7AEA1302E7CF700F70849 /* wave Watch App */;
			targetProxy = 6FF7AEB2302E7CF800F70849 /* PBXContainerItemProxy */;
		};
		6FF7AEBD302E7CF800F70849 /* PBXTargetDependency */ = {
			isa = PBXTargetDependency;
			target = 6FF7AEA1302E7CF700F70849 /* wave Watch App */;
			targetProxy = 6FF7AEBC302E7CF800F70849 /* PBXContainerItemProxy */;
		};
/* End PBXTargetDependency section */

/* Begin XCBuildConfiguration section */
		6FF7AEC3302E7CF800F70849 /* Debug */ = {
			isa = XCBuildConfiguration;
			buildSettings = {
				ALWAYS_SEARCH_USER_PATHS = NO;
				ASSETCATALOG_COMPILER_GENERATE_SWIFT_ASSET_SYMBOL_EXTENSIONS = YES;
				CLANG_ANALYZER_NONNULL = YES;
				CLANG_ANALYZER_NUMBER_OBJECT_CONVERSION = YES_AGGRESSIVE;
				CLANG_CXX_LANGUAGE_STANDARD = "gnu++20";
				CLANG_ENABLE_MODULES = YES;
				CLANG_ENABLE_OBJC_ARC = YES;
				CLANG_ENABLE_OBJC_WEAK = YES;
				CLANG_WARN_BLOCK_CAPTURE_AUTORELEASING = YES;
				CLANG_WARN_BOOL_CONVERSION = YES;
				CLANG_WARN_COMMA = YES;
				CLANG_WARN_CONSTANT_CONVERSION = YES;
				CLANG_WARN_DEPRECATED_OBJC_IMPLEMENTATIONS = YES;
				CLANG_WARN_DIRECT_OBJC_ISA_USAGE = YES_ERROR;
				CLANG_WARN_DOCUMENTATION_COMMENTS = YES;
				CLANG_WARN_EMPTY_BODY = YES;
				CLANG_WARN_ENUM_CONVERSION = YES;
				CLANG_WARN_INFINITE_RECURSION = YES;
				CLANG_WARN_INT_CONVERSION = YES;
				CLANG_WARN_NON_LITERAL_NULL_CONVERSION = YES;
				CLANG_WARN_OBJC_IMPLICIT_RETAIN_SELF = YES;
				CLANG_WARN_OBJC_LITERAL_CONVERSION = YES;
				CLANG_WARN_OBJC_ROOT_CLASS = YES_ERROR;
				CLANG_WARN_QUOTED_INCLUDE_IN_FRAMEWORK_HEADER = YES;
				CLANG_WARN_RANGE_LOOP_ANALYSIS = YES;
				CLANG_WARN_STRICT_PROTOTYPES = YES;
				CLANG_WARN_SUSPICIOUS_MOVE = YES;
				CLANG_WARN_UNGUARDED_AVAILABILITY = YES_AGGRESSIVE;
				CLANG_WARN_UNREACHABLE_CODE = YES;
				CLANG_WARN__DUPLICATE_METHOD_MATCH = YES;
				COPY_PHASE_STRIP = NO;
				DEBUG_INFORMATION_FORMAT = dwarf;
				ENABLE_STRICT_OBJC_MSGSEND = YES;
				ENABLE_TESTABILITY = YES;
				ENABLE_USER_SCRIPT_SANDBOXING = YES;
				GCC_C_LANGUAGE_STANDARD = gnu17;
				GCC_DYNAMIC_NO_PIC = NO;
				GCC_NO_COMMON_BLOCKS = YES;
				GCC_OPTIMIZATION_LEVEL = 0;
				GCC_PREPROCESSOR_DEFINITIONS = (
					"DEBUG=1",
					"$(inherited)",
				);
				GCC_WARN_64_TO_32_BIT_CONVERSION = YES;
				GCC_WARN_ABOUT_RETURN_TYPE = YES_ERROR;
				GCC_WARN_UNDECLARED_SELECTOR = YES;
				GCC_WARN_UNINITIALIZED_AUTOS = YES_AGGRESSIVE;
				GCC_WARN_UNUSED_FUNCTION = YES;
				GCC_WARN_UNUSED_VARIABLE = YES;
				LOCALIZATION_PREFERS_STRING_CATALOGS = YES;
				MTL_ENABLE_DEBUG_INFO = INCLUDE_SOURCE;
				MTL_FAST_MATH = YES;
				ONLY_ACTIVE_ARCH = YES;
				SWIFT_ACTIVE_COMPILATION_CONDITIONS = "DEBUG $(inherited)";
				SWIFT_OPTIMIZATION_LEVEL = "-Onone";
			};
			name = Debug;
		};
		6FF7AEC4302E7CF800F70849 /* Release */ = {
			isa = XCBuildConfiguration;
			buildSettings = {
				ALWAYS_SEARCH_USER_PATHS = NO;
				ASSETCATALOG_COMPILER_GENERATE_SWIFT_ASSET_SYMBOL_EXTENSIONS = YES;
				CLANG_ANALYZER_NONNULL = YES;
				CLANG_ANALYZER_NUMBER_OBJECT_CONVERSION = YES_AGGRESSIVE;
				CLANG_CXX_LANGUAGE_STANDARD = "gnu++20";
				CLANG_ENABLE_MODULES = YES;
				CLANG_ENABLE_OBJC_ARC = YES;
				CLANG_ENABLE_OBJC_WEAK = YES;
				CLANG_WARN_BLOCK_CAPTURE_AUTORELEASING = YES;
				CLANG_WARN_BOOL_CONVERSION = YES;
				CLANG_WARN_COMMA = YES;
				CLANG_WARN_CONSTANT_CONVERSION = YES;
				CLANG_WARN_DEPRECATED_OBJC_IMPLEMENTATIONS = YES;
				CLANG_WARN_DIRECT_OBJC_ISA_USAGE = YES_ERROR;
				CLANG_WARN_DOCUMENTATION_COMMENTS = YES;
				CLANG_WARN_EMPTY_BODY = YES;
				CLANG_WARN_ENUM_CONVERSION = YES;
				CLANG_WARN_INFINITE_RECURSION = YES;
				CLANG_WARN_INT_CONVERSION = YES;
				CLANG_WARN_NON_LITERAL_NULL_CONVERSION = YES;
				CLANG_WARN_OBJC_IMPLICIT_RETAIN_SELF = YES;
				CLANG_WARN_OBJC_LITERAL_CONVERSION = YES;
				CLANG_WARN_OBJC_ROOT_CLASS = YES_ERROR;
				CLANG_WARN_QUOTED_INCLUDE_IN_FRAMEWORK_HEADER = YES;
				CLANG_WARN_RANGE_LOOP_ANALYSIS = YES;
				CLANG_WARN_STRICT_PROTOTYPES = YES;
				CLANG_WARN_SUSPICIOUS_MOVE = YES;
				CLANG_WARN_UNGUARDED_AVAILABILITY = YES_AGGRESSIVE;
				CLANG_WARN_UNREACHABLE_CODE = YES;
				CLANG_WARN__DUPLICATE_METHOD_MATCH = YES;
				COPY_PHASE_STRIP = NO;
				DEBUG_INFORMATION_FORMAT = "dwarf-with-dsym";
				ENABLE_NS_ASSERTIONS = NO;
				ENABLE_STRICT_OBJC_MSGSEND = YES;
				ENABLE_USER_SCRIPT_SANDBOXING = YES;
				GCC_C_LANGUAGE_STANDARD = gnu17;
				GCC_NO_COMMON_BLOCKS = YES;
				GCC_WARN_64_TO_32_BIT_CONVERSION = YES;
				GCC_WARN_ABOUT_RETURN_TYPE = YES_ERROR;
				GCC_WARN_UNDECLARED_SELECTOR = YES;
				GCC_WARN_UNINITIALIZED_AUTOS = YES_AGGRESSIVE;
				GCC_WARN_UNUSED_FUNCTION = YES;
				GCC_WARN_UNUSED_VARIABLE = YES;
				LOCALIZATION_PREFERS_STRING_CATALOGS = YES;
				MTL_ENABLE_DEBUG_INFO = NO;
				MTL_FAST_MATH = YES;
				SWIFT_COMPILATION_MODE = wholemodule;
			};
			name = Release;
		};
		6FF7AEC6302E7CF800F70849 /* Debug */ = {
			isa = XCBuildConfiguration;
			buildSettings = {
				ASSETCATALOG_COMPILER_APPICON_NAME = AppIcon;
				ASSETCATALOG_COMPILER_GLOBAL_ACCENT_COLOR_NAME = AccentColor;
				CODE_SIGN_STYLE = Automatic;
				CURRENT_PROJECT_VERSION = 1;
				ENABLE_PREVIEWS = YES;
				GENERATE_INFOPLIST_FILE = YES;
				INFOPLIST_KEY_CFBundleDisplayName = wave;
				INFOPLIST_KEY_UISupportedInterfaceOrientations = "UIInterfaceOrientationPortrait UIInterfaceOrientationPortraitUpsideDown";
				INFOPLIST_KEY_WKWatchOnly = YES;
				LD_RUNPATH_SEARCH_PATHS = (
					"$(inherited)",
					"@executable_path/Frameworks",
				);
				MARKETING_VERSION = 1.0;
				PRODUCT_BUNDLE_IDENTIFIER = bb4k.wave.watchkitapp;
				PRODUCT_NAME = "$(TARGET_NAME)";
				SDKROOT = watchos;
				SKIP_INSTALL = YES;
				STRING_CATALOG_GENERATE_SYMBOLS = YES;
				SWIFT_APPROACHABLE_CONCURRENCY = YES;
				SWIFT_DEFAULT_ACTOR_ISOLATION = MainActor;
				SWIFT_EMIT_LOC_STRINGS = YES;
				SWIFT_UPCOMING_FEATURE_MEMBER_IMPORT_VISIBILITY = YES;
				SWIFT_VERSION = 5.0;
				TARGETED_DEVICE_FAMILY = 4;
				WATCHOS_DEPLOYMENT_TARGET = 26.5;
			};
			name = Debug;
		};
		6FF7AEC7302E7CF800F70849 /* Release */ = {
			isa = XCBuildConfiguration;
			buildSettings = {
				ASSETCATALOG_COMPILER_APPICON_NAME = AppIcon;
				ASSETCATALOG_COMPILER_GLOBAL_ACCENT_COLOR_NAME = AccentColor;
				CODE_SIGN_STYLE = Automatic;
				CURRENT_PROJECT_VERSION = 1;
				ENABLE_PREVIEWS = YES;
				GENERATE_INFOPLIST_FILE = YES;
				INFOPLIST_KEY_CFBundleDisplayName = wave;
				INFOPLIST_KEY_UISupportedInterfaceOrientations = "UIInterfaceOrientationPortrait UIInterfaceOrientationPortraitUpsideDown";
				INFOPLIST_KEY_WKWatchOnly = YES;
				LD_RUNPATH_SEARCH_PATHS = (
					"$(inherited)",
					"@executable_path/Frameworks",
				);
				MARKETING_VERSION = 1.0;
				PRODUCT_BUNDLE_IDENTIFIER = bb4k.wave.watchkitapp;
				PRODUCT_NAME = "$(TARGET_NAME)";
				SDKROOT = watchos;
				SKIP_INSTALL = YES;
				STRING_CATALOG_GENERATE_SYMBOLS = YES;
				SWIFT_APPROACHABLE_CONCURRENCY = YES;
				SWIFT_DEFAULT_ACTOR_ISOLATION = MainActor;
				SWIFT_EMIT_LOC_STRINGS = YES;
				SWIFT_UPCOMING_FEATURE_MEMBER_IMPORT_VISIBILITY = YES;
				SWIFT_VERSION = 5.0;
				TARGETED_DEVICE_FAMILY = 4;
				VALIDATE_PRODUCT = YES;
				WATCHOS_DEPLOYMENT_TARGET = 26.5;
			};
			name = Release;
		};
		6FF7AECA302E7CF800F70849 /* Debug */ = {
			isa = XCBuildConfiguration;
			buildSettings = {
				CODE_SIGN_STYLE = Automatic;
				CURRENT_PROJECT_VERSION = 1;
				INFOPLIST_KEY_CFBundleDisplayName = wave;
				MARKETING_VERSION = 1.0;
				PRODUCT_BUNDLE_IDENTIFIER = bb4k.wave;
				PRODUCT_NAME = "$(TARGET_NAME)";
				SDKROOT = iphoneos;
				SWIFT_APPROACHABLE_CONCURRENCY = YES;
				SWIFT_UPCOMING_FEATURE_MEMBER_IMPORT_VISIBILITY = YES;
				SWIFT_VERSION = 5.0;
			};
			name = Debug;
		};
		6FF7AECB302E7CF800F70849 /* Release */ = {
			isa = XCBuildConfiguration;
			buildSettings = {
				CODE_SIGN_STYLE = Automatic;
				CURRENT_PROJECT_VERSION = 1;
				INFOPLIST_KEY_CFBundleDisplayName = wave;
				MARKETING_VERSION = 1.0;
				PRODUCT_BUNDLE_IDENTIFIER = bb4k.wave;
				PRODUCT_NAME = "$(TARGET_NAME)";
				SDKROOT = iphoneos;
				SWIFT_APPROACHABLE_CONCURRENCY = YES;
				SWIFT_UPCOMING_FEATURE_MEMBER_IMPORT_VISIBILITY = YES;
				SWIFT_VERSION = 5.0;
				VALIDATE_PRODUCT = YES;
			};
			name = Release;
		};
		6FF7AECD302E7CF800F70849 /* Debug */ = {
			isa = XCBuildConfiguration;
			buildSettings = {
				BUNDLE_LOADER = "$(TEST_HOST)";
				CODE_SIGN_STYLE = Automatic;
				CURRENT_PROJECT_VERSION = 1;
				GENERATE_INFOPLIST_FILE = YES;
				MARKETING_VERSION = 1.0;
				PRODUCT_BUNDLE_IDENTIFIER = "bb4k.wave-Watch-AppTests";
				PRODUCT_NAME = "$(TARGET_NAME)";
				SDKROOT = watchos;
				STRING_CATALOG_GENERATE_SYMBOLS = NO;
				SWIFT_APPROACHABLE_CONCURRENCY = YES;
				SWIFT_EMIT_LOC_STRINGS = NO;
				SWIFT_UPCOMING_FEATURE_MEMBER_IMPORT_VISIBILITY = YES;
				SWIFT_VERSION = 5.0;
				TARGETED_DEVICE_FAMILY = 4;
				TEST_HOST = "$(BUILT_PRODUCTS_DIR)/wave Watch App.app/$(BUNDLE_EXECUTABLE_FOLDER_PATH)/wave Watch App";
				WATCHOS_DEPLOYMENT_TARGET = 26.5;
			};
			name = Debug;
		};
		6FF7AECE302E7CF800F70849 /* Release */ = {
			isa = XCBuildConfiguration;
			buildSettings = {
				BUNDLE_LOADER = "$(TEST_HOST)";
				CODE_SIGN_STYLE = Automatic;
				CURRENT_PROJECT_VERSION = 1;
				GENERATE_INFOPLIST_FILE = YES;
				MARKETING_VERSION = 1.0;
				PRODUCT_BUNDLE_IDENTIFIER = "bb4k.wave-Watch-AppTests";
				PRODUCT_NAME = "$(TARGET_NAME)";
				SDKROOT = watchos;
				STRING_CATALOG_GENERATE_SYMBOLS = NO;
				SWIFT_APPROACHABLE_CONCURRENCY = YES;
				SWIFT_EMIT_LOC_STRINGS = NO;
				SWIFT_UPCOMING_FEATURE_MEMBER_IMPORT_VISIBILITY = YES;
				SWIFT_VERSION = 5.0;
				TARGETED_DEVICE_FAMILY = 4;
				TEST_HOST = "$(BUILT_PRODUCTS_DIR)/wave Watch App.app/$(BUNDLE_EXECUTABLE_FOLDER_PATH)/wave Watch App";
				VALIDATE_PRODUCT = YES;
				WATCHOS_DEPLOYMENT_TARGET = 26.5;
			};
			name = Release;
		};
		6FF7AED0302E7CF800F70849 /* Debug */ = {
			isa = XCBuildConfiguration;
			buildSettings = {
				CODE_SIGN_STYLE = Automatic;
				CURRENT_PROJECT_VERSION = 1;
				GENERATE_INFOPLIST_FILE = YES;
				MARKETING_VERSION = 1.0;
				PRODUCT_BUNDLE_IDENTIFIER = "bb4k.wave-Watch-AppUITests";
				PRODUCT_NAME = "$(TARGET_NAME)";
				SDKROOT = watchos;
				STRING_CATALOG_GENERATE_SYMBOLS = NO;
				SWIFT_APPROACHABLE_CONCURRENCY = YES;
				SWIFT_EMIT_LOC_STRINGS = NO;
				SWIFT_UPCOMING_FEATURE_MEMBER_IMPORT_VISIBILITY = YES;
				SWIFT_VERSION = 5.0;
				TARGETED_DEVICE_FAMILY = 4;
				TEST_TARGET_NAME = "wave Watch App";
				WATCHOS_DEPLOYMENT_TARGET = 26.5;
			};
			name = Debug;
		};
		6FF7AED1302E7CF800F70849 /* Release */ = {
			isa = XCBuildConfiguration;
			buildSettings = {
				CODE_SIGN_STYLE = Automatic;
				CURRENT_PROJECT_VERSION = 1;
				GENERATE_INFOPLIST_FILE = YES;
				MARKETING_VERSION = 1.0;
				PRODUCT_BUNDLE_IDENTIFIER = "bb4k.wave-Watch-AppUITests";
				PRODUCT_NAME = "$(TARGET_NAME)";
				SDKROOT = watchos;
				STRING_CATALOG_GENERATE_SYMBOLS = NO;
				SWIFT_APPROACHABLE_CONCURRENCY = YES;
				SWIFT_EMIT_LOC_STRINGS = NO;
				SWIFT_UPCOMING_FEATURE_MEMBER_IMPORT_VISIBILITY = YES;
				SWIFT_VERSION = 5.0;
				TARGETED_DEVICE_FAMILY = 4;
				TEST_TARGET_NAME = "wave Watch App";
				VALIDATE_PRODUCT = YES;
				WATCHOS_DEPLOYMENT_TARGET = 26.5;
			};
			name = Release;
		};
/* End XCBuildConfiguration section */

/* Begin XCConfigurationList section */
		6FF7AE99302E7CF700F70849 /* Build configuration list for PBXProject "wave" */ = {
			isa = XCConfigurationList;
			buildConfigurations = (
				6FF7AEC3302E7CF800F70849 /* Debug */,
				6FF7AEC4302E7CF800F70849 /* Release */,
			);
			defaultConfigurationIsVisible = 0;
			defaultConfigurationName = Release;
		};
		6FF7AEC5302E7CF800F70849 /* Build configuration list for PBXNativeTarget "wave Watch App" */ = {
			isa = XCConfigurationList;
			buildConfigurations = (
				6FF7AEC6302E7CF800F70849 /* Debug */,
				6FF7AEC7302E7CF800F70849 /* Release */,
			);
			defaultConfigurationIsVisible = 0;
			defaultConfigurationName = Release;
		};
		6FF7AEC9302E7CF800F70849 /* Build configuration list for PBXNativeTarget "wave" */ = {
			isa = XCConfigurationList;
			buildConfigurations = (
				6FF7AECA302E7CF800F70849 /* Debug */,
				6FF7AECB302E7CF800F70849 /* Release */,
			);
			defaultConfigurationIsVisible = 0;
			defaultConfigurationName = Release;
		};
		6FF7AECC302E7CF800F70849 /* Build configuration list for PBXNativeTarget "wave Watch AppTests" */ = {
			isa = XCConfigurationList;
			buildConfigurations = (
				6FF7AECD302E7CF800F70849 /* Debug */,
				6FF7AECE302E7CF800F70849 /* Release */,
			);
			defaultConfigurationIsVisible = 0;
			defaultConfigurationName = Release;
		};
		6FF7AECF302E7CF800F70849 /* Build configuration list for PBXNativeTarget "wave Watch AppUITests" */ = {
			isa = XCConfigurationList;
			buildConfigurations = (
				6FF7AED0302E7CF800F70849 /* Debug */,
				6FF7AED1302E7CF800F70849 /* Release */,
			);
			defaultConfigurationIsVisible = 0;
			defaultConfigurationName = Release;
		};
/* End XCConfigurationList section */
	};
	rootObject = 6FF7AE96302E7CF700F70849 /* Project object */;
}
